// !$*UTF8*$!
{
	archiveVersion = 1;
	classes = {
	};
	objectVersion = 56;
	objects = {

/* Begin PBXBuildFile section */
		9E1439022B7631A900F26E84 /* SignupGenderView.swift in Sources */ = {isa = PBXBuildFile; fileRef = 9E1439012B7631A900F26E84 /* SignupGenderView.swift */; };
		9E1439042B76333D00F26E84 /* CustomPicker.swift in Sources */ = {isa = PBXBuildFile; fileRef = 9E1439032B76333D00F26E84 /* CustomPicker.swift */; };
		9E1439062B7640F700F26E84 /* SignupNameView.swift in Sources */ = {isa = PBXBuildFile; fileRef = 9E1439052B7640F700F26E84 /* SignupNameView.swift */; };
		9E25C2202B73A2B5003BE3AA /* GoogleService-Info.plist in Resources */ = {isa = PBXBuildFile; fileRef = 9E25C21F2B73A2B5003BE3AA /* GoogleService-Info.plist */; };
		9E30396C2B7A505E005BB2E3 /* SigninView.swift in Sources */ = {isa = PBXBuildFile; fileRef = 9E30396B2B7A505E005BB2E3 /* SigninView.swift */; };
		9E30396E2B7A54B8005BB2E3 /* AuthViewModel.swift in Sources */ = {isa = PBXBuildFile; fileRef = 9E30396D2B7A54B8005BB2E3 /* AuthViewModel.swift */; };
		9E3039712B7A55D3005BB2E3 /* User.swift in Sources */ = {isa = PBXBuildFile; fileRef = 9E3039702B7A55D3005BB2E3 /* User.swift */; };
		9E3039772B7A6751005BB2E3 /* HomeView.swift in Sources */ = {isa = PBXBuildFile; fileRef = 9E3039762B7A6751005BB2E3 /* HomeView.swift */; };
		9E5A45B02B739B7300232C46 /* Font+.swift in Sources */ = {isa = PBXBuildFile; fileRef = 9E5A45AF2B739B7300232C46 /* Font+.swift */; };
		9E5A45B52B739BA100232C46 /* Avenir-Medium.ttf in Resources */ = {isa = PBXBuildFile; fileRef = 9E5A45B22B739BA100232C46 /* Avenir-Medium.ttf */; };
		9E5A45B62B739BA100232C46 /* Avenir-Demi.ttf in Resources */ = {isa = PBXBuildFile; fileRef = 9E5A45B32B739BA100232C46 /* Avenir-Demi.ttf */; };
		9E5A45B72B739BA100232C46 /* Avenir-Bold.ttf in Resources */ = {isa = PBXBuildFile; fileRef = 9E5A45B42B739BA100232C46 /* Avenir-Bold.ttf */; };
		9E81DD1A2B73983500C6A49C /* SpotifyAuthApp.swift in Sources */ = {isa = PBXBuildFile; fileRef = 9E81DD192B73983500C6A49C /* SpotifyAuthApp.swift */; };
		9E81DD1C2B73983500C6A49C /* ContentView.swift in Sources */ = {isa = PBXBuildFile; fileRef = 9E81DD1B2B73983500C6A49C /* ContentView.swift */; };
		9E81DD1E2B73983600C6A49C /* Assets.xcassets in Resources */ = {isa = PBXBuildFile; fileRef = 9E81DD1D2B73983600C6A49C /* Assets.xcassets */; };
		9E81DD212B73983600C6A49C /* Preview Assets.xcassets in Resources */ = {isa = PBXBuildFile; fileRef = 9E81DD202B73983600C6A49C /* Preview Assets.xcassets */; };
		9E8B8DA82B7F743000A67B19 /* EditProfileView.swift in Sources */ = {isa = PBXBuildFile; fileRef = 9E8B8DA72B7F743000A67B19 /* EditProfileView.swift */; };
		9E8B8DAC2B7F74A400A67B19 /* UserPhotoComponentView.swift in Sources */ = {isa = PBXBuildFile; fileRef = 9E8B8DAB2B7F74A400A67B19 /* UserPhotoComponentView.swift */; };
		9E9807882B755E1C00BA4747 /* PrimaryButtonStyle.swift in Sources */ = {isa = PBXBuildFile; fileRef = 9E9807872B755E1C00BA4747 /* PrimaryButtonStyle.swift */; };
		9E98078A2B755E5400BA4747 /* OutlineButtonStyle.swift in Sources */ = {isa = PBXBuildFile; fileRef = 9E9807892B755E5400BA4747 /* OutlineButtonStyle.swift */; };
		9E9807912B755F6900BA4747 /* AuthOptionsView.swift in Sources */ = {isa = PBXBuildFile; fileRef = 9E9807902B755F6900BA4747 /* AuthOptionsView.swift */; };
		9E9807932B755FCA00BA4747 /* SignupEmailView.swift in Sources */ = {isa = PBXBuildFile; fileRef = 9E9807922B755FCA00BA4747 /* SignupEmailView.swift */; };
		9E9807962B75696800BA4747 /* CustomNavBarAppearance.swift in Sources */ = {isa = PBXBuildFile; fileRef = 9E9807952B75696800BA4747 /* CustomNavBarAppearance.swift */; };
		9E9807982B7571A200BA4747 /* CustomTextField.swift in Sources */ = {isa = PBXBuildFile; fileRef = 9E9807972B7571A200BA4747 /* CustomTextField.swift */; };
		9E98079A2B757ABB00BA4747 /* SignupPasswordView.swift in Sources */ = {isa = PBXBuildFile; fileRef = 9E9807992B757ABB00BA4747 /* SignupPasswordView.swift */; };
		9EA66B3E2B836EAD00F4940A /* IDatabase.swift in Sources */ = {isa = PBXBuildFile; fileRef = 9EA66B3D2B836EAD00F4940A /* IDatabase.swift */; };
		9EA66B402B836F8E00F4940A /* DatabaseError.swift in Sources */ = {isa = PBXBuildFile; fileRef = 9EA66B3F2B836F8E00F4940A /* DatabaseError.swift */; };
		9EA66B422B836FAE00F4940A /* FirestoreDatabase.swift in Sources */ = {isa = PBXBuildFile; fileRef = 9EA66B412B836FAE00F4940A /* FirestoreDatabase.swift */; };
		9EF212532B7C077700D1A9C5 /* LibraryView.swift in Sources */ = {isa = PBXBuildFile; fileRef = 9EF212522B7C077700D1A9C5 /* LibraryView.swift */; };
		F3BE8E62C7219BB0430CE924 /* Pods_SpotifyAuth.framework in Frameworks */ = {isa = PBXBuildFile; fileRef = 5C294EC531A1A0981F79C0FE /* Pods_SpotifyAuth.framework */; };
/* End PBXBuildFile section */

/* Begin PBXFileReference section */
		1AC41597F130871A049A72A9 /* Pods-SpotifyAuth.debug.xcconfig */ = {isa = PBXFileReference; includeInIndex = 1; lastKnownFileType = text.xcconfig; name = "Pods-SpotifyAuth.debug.xcconfig"; path = "Target Support Files/Pods-SpotifyAuth/Pods-SpotifyAuth.debug.xcconfig"; sourceTree = "<group>"; };
		5C294EC531A1A0981F79C0FE /* Pods_SpotifyAuth.framework */ = {isa = PBXFileReference; explicitFileType = wrapper.framework; includeInIndex = 0; path = Pods_SpotifyAuth.framework; sourceTree = BUILT_PRODUCTS_DIR; };
		9E1439012B7631A900F26E84 /* SignupGenderView.swift */ = {isa = PBXFileReference; lastKnownFileType = sourcecode.swift; path = SignupGenderView.swift; sourceTree = "<group>"; };
		9E1439032B76333D00F26E84 /* CustomPicker.swift */ = {isa = PBXFileReference; lastKnownFileType = sourcecode.swift; path = CustomPicker.swift; sourceTree = "<group>"; };
		9E1439052B7640F700F26E84 /* SignupNameView.swift */ = {isa = PBXFileReference; lastKnownFileType = sourcecode.swift; path = SignupNameView.swift; sourceTree = "<group>"; };
		9E25C21E2B73A130003BE3AA /* Info.plist */ = {isa = PBXFileReference; lastKnownFileType = text.plist; path = Info.plist; sourceTree = "<group>"; };
		9E25C21F2B73A2B5003BE3AA /* GoogleService-Info.plist */ = {isa = PBXFileReference; fileEncoding = 4; lastKnownFileType = text.plist.xml; path = "GoogleService-Info.plist"; sourceTree = "<group>"; };
		9E30396B2B7A505E005BB2E3 /* SigninView.swift */ = {isa = PBXFileReference; lastKnownFileType = sourcecode.swift; path = SigninView.swift; sourceTree = "<group>"; };
		9E30396D2B7A54B8005BB2E3 /* AuthViewModel.swift */ = {isa = PBXFileReference; lastKnownFileType = sourcecode.swift; path = AuthViewModel.swift; sourceTree = "<group>"; };
		9E3039702B7A55D3005BB2E3 /* User.swift */ = {isa = PBXFileReference; lastKnownFileType = sourcecode.swift; path = User.swift; sourceTree = "<group>"; };
		9E3039762B7A6751005BB2E3 /* HomeView.swift */ = {isa = PBXFileReference; lastKnownFileType = sourcecode.swift; path = HomeView.swift; sourceTree = "<group>"; };
		9E5A45AF2B739B7300232C46 /* Font+.swift */ = {isa = PBXFileReference; lastKnownFileType = sourcecode.swift; path = "Font+.swift"; sourceTree = "<group>"; };
		9E5A45B22B739BA100232C46 /* Avenir-Medium.ttf */ = {isa = PBXFileReference; lastKnownFileType = file; path = "Avenir-Medium.ttf"; sourceTree = "<group>"; };
		9E5A45B32B739BA100232C46 /* Avenir-Demi.ttf */ = {isa = PBXFileReference; lastKnownFileType = file; path = "Avenir-Demi.ttf"; sourceTree = "<group>"; };
		9E5A45B42B739BA100232C46 /* Avenir-Bold.ttf */ = {isa = PBXFileReference; lastKnownFileType = file; path = "Avenir-Bold.ttf"; sourceTree = "<group>"; };
		9E81DD162B73983500C6A49C /* SpotifyAuth.app */ = {isa = PBXFileReference; explicitFileType = wrapper.application; includeInIndex = 0; path = SpotifyAuth.app; sourceTree = BUILT_PRODUCTS_DIR; };
		9E81DD192B73983500C6A49C /* SpotifyAuthApp.swift */ = {isa = PBXFileReference; lastKnownFileType = sourcecode.swift; path = SpotifyAuthApp.swift; sourceTree = "<group>"; };
		9E81DD1B2B73983500C6A49C /* ContentView.swift */ = {isa = PBXFileReference; lastKnownFileType = sourcecode.swift; path = ContentView.swift; sourceTree = "<group>"; };
		9E81DD1D2B73983600C6A49C /* Assets.xcassets */ = {isa = PBXFileReference; lastKnownFileType = folder.assetcatalog; path = Assets.xcassets; sourceTree = "<group>"; };
		9E81DD202B73983600C6A49C /* Preview Assets.xcassets */ = {isa = PBXFileReference; lastKnownFileType = folder.assetcatalog; path = "Preview Assets.xcassets"; sourceTree = "<group>"; };
		9E8B8DA72B7F743000A67B19 /* EditProfileView.swift */ = {isa = PBXFileReference; lastKnownFileType = sourcecode.swift; path = EditProfileView.swift; sourceTree = "<group>"; };
		9E8B8DAB2B7F74A400A67B19 /* UserPhotoComponentView.swift */ = {isa = PBXFileReference; lastKnownFileType = sourcecode.swift; path = UserPhotoComponentView.swift; sourceTree = "<group>"; };
		9E9807872B755E1C00BA4747 /* PrimaryButtonStyle.swift */ = {isa = PBXFileReference; lastKnownFileType = sourcecode.swift; path = PrimaryButtonStyle.swift; sourceTree = "<group>"; };
		9E9807892B755E5400BA4747 /* OutlineButtonStyle.swift */ = {isa = PBXFileReference; lastKnownFileType = sourcecode.swift; path = OutlineButtonStyle.swift; sourceTree = "<group>"; };
		9E9807902B755F6900BA4747 /* AuthOptionsView.swift */ = {isa = PBXFileReference; lastKnownFileType = sourcecode.swift; path = AuthOptionsView.swift; sourceTree = "<group>"; };
		9E9807922B755FCA00BA4747 /* SignupEmailView.swift */ = {isa = PBXFileReference; lastKnownFileType = sourcecode.swift; path = SignupEmailView.swift; sourceTree = "<group>"; };
		9E9807952B75696800BA4747 /* CustomNavBarAppearance.swift */ = {isa = PBXFileReference; lastKnownFileType = sourcecode.swift; path = CustomNavBarAppearance.swift; sourceTree = "<group>"; };
		9E9807972B7571A200BA4747 /* CustomTextField.swift */ = {isa = PBXFileReference; lastKnownFileType = sourcecode.swift; path = CustomTextField.swift; sourceTree = "<group>"; };
		9E9807992B757ABB00BA4747 /* SignupPasswordView.swift */ = {isa = PBXFileReference; lastKnownFileType = sourcecode.swift; path = SignupPasswordView.swift; sourceTree = "<group>"; };
		9EA66B3D2B836EAD00F4940A /* IDatabase.swift */ = {isa = PBXFileReference; lastKnownFileType = sourcecode.swift; path = IDatabase.swift; sourceTree = "<group>"; };
		9EA66B3F2B836F8E00F4940A /* DatabaseError.swift */ = {isa = PBXFileReference; lastKnownFileType = sourcecode.swift; path = DatabaseError.swift; sourceTree = "<group>"; };
		9EA66B412B836FAE00F4940A /* FirestoreDatabase.swift */ = {isa = PBXFileReference; lastKnownFileType = sourcecode.swift; path = FirestoreDatabase.swift; sourceTree = "<group>"; };
		9EF212522B7C077700D1A9C5 /* LibraryView.swift */ = {isa = PBXFileReference; lastKnownFileType = sourcecode.swift; path = LibraryView.swift; sourceTree = "<group>"; };
		FBE6357CE8DE6C64CD9FE187 /* Pods-SpotifyAuth.release.xcconfig */ = {isa = PBXFileReference; includeInIndex = 1; lastKnownFileType = text.xcconfig; name = "Pods-SpotifyAuth.release.xcconfig"; path = "Target Support Files/Pods-SpotifyAuth/Pods-SpotifyAuth.release.xcconfig"; sourceTree = "<group>"; };
/* End PBXFileReference section */

/* Begin PBXFrameworksBuildPhase section */
		9E81DD132B73983500C6A49C /* Frameworks */ = {
			isa = PBXFrameworksBuildPhase;
			buildActionMask = 2147483647;
			files = (
				F3BE8E62C7219BB0430CE924 /* Pods_SpotifyAuth.framework in Frameworks */,
			);
			runOnlyForDeploymentPostprocessing = 0;
		};
/* End PBXFrameworksBuildPhase section */

/* Begin PBXGroup section */
		2C647A74F48E5F121AF2C1A8 /* Frameworks */ = {
			isa = PBXGroup;
			children = (
				5C294EC531A1A0981F79C0FE /* Pods_SpotifyAuth.framework */,
			);
			name = Frameworks;
			sourceTree = "<group>";
		};
		6A339A93766DF7B3EE7CAE57 /* Pods */ = {
			isa = PBXGroup;
			children = (
				1AC41597F130871A049A72A9 /* Pods-SpotifyAuth.debug.xcconfig */,
				FBE6357CE8DE6C64CD9FE187 /* Pods-SpotifyAuth.release.xcconfig */,
			);
			path = Pods;
			sourceTree = "<group>";
		};
		9E25C2212B73A313003BE3AA /* Common */ = {
			isa = PBXGroup;
			children = (
				9EA66B3B2B836E8600F4940A /* Services */,
				9E9807852B755D4C00BA4747 /* Components */,
				9E5A45B12B739B8200232C46 /* Fonts */,
				9E5A45AE2B739B5900232C46 /* Extensions */,
			);
			path = Common;
			sourceTree = "<group>";
		};
		9E25C2222B73A331003BE3AA /* App */ = {
			isa = PBXGroup;
			children = (
				9E81DD192B73983500C6A49C /* SpotifyAuthApp.swift */,
				9E81DD1B2B73983500C6A49C /* ContentView.swift */,
			);
			path = App;
			sourceTree = "<group>";
		};
		9E3039682B7A5028005BB2E3 /* Signup */ = {
			isa = PBXGroup;
			children = (
				9E9807922B755FCA00BA4747 /* SignupEmailView.swift */,
				9E9807992B757ABB00BA4747 /* SignupPasswordView.swift */,
				9E1439012B7631A900F26E84 /* SignupGenderView.swift */,
				9E1439052B7640F700F26E84 /* SignupNameView.swift */,
			);
			path = Signup;
			sourceTree = "<group>";
		};
		9E3039692B7A5041005BB2E3 /* Signin */ = {
			isa = PBXGroup;
			children = (
				9E9807902B755F6900BA4747 /* AuthOptionsView.swift */,
				9E30396B2B7A505E005BB2E3 /* SigninView.swift */,
			);
			path = Signin;
			sourceTree = "<group>";
		};
		9E30396F2B7A55C8005BB2E3 /* Models */ = {
			isa = PBXGroup;
			children = (
				9E3039702B7A55D3005BB2E3 /* User.swift */,
			);
			path = Models;
			sourceTree = "<group>";
		};
		9E3039722B7A5A35005BB2E3 /* ViewModels */ = {
			isa = PBXGroup;
			children = (
				9E30396D2B7A54B8005BB2E3 /* AuthViewModel.swift */,
			);
			path = ViewModels;
			sourceTree = "<group>";
		};
		9E3039732B7A5A59005BB2E3 /* Views */ = {
			isa = PBXGroup;
			children = (
				9E3039692B7A5041005BB2E3 /* Signin */,
				9E3039682B7A5028005BB2E3 /* Signup */,
			);
			path = Views;
			sourceTree = "<group>";
		};
		9E3039742B7A673F005BB2E3 /* Home */ = {
			isa = PBXGroup;
			children = (
				9E3039752B7A6745005BB2E3 /* Views */,
			);
			path = Home;
			sourceTree = "<group>";
		};
		9E3039752B7A6745005BB2E3 /* Views */ = {
			isa = PBXGroup;
			children = (
				9E3039762B7A6751005BB2E3 /* HomeView.swift */,
			);
			path = Views;
			sourceTree = "<group>";
		};
		9E5A45AE2B739B5900232C46 /* Extensions */ = {
			isa = PBXGroup;
			children = (
				9E5A45AF2B739B7300232C46 /* Font+.swift */,
			);
			path = Extensions;
			sourceTree = "<group>";
		};
		9E5A45B12B739B8200232C46 /* Fonts */ = {
			isa = PBXGroup;
			children = (
				9E5A45B42B739BA100232C46 /* Avenir-Bold.ttf */,
				9E5A45B32B739BA100232C46 /* Avenir-Demi.ttf */,
				9E5A45B22B739BA100232C46 /* Avenir-Medium.ttf */,
			);
			path = Fonts;
			sourceTree = "<group>";
		};
		9E81DD0D2B73983500C6A49C = {
			isa = PBXGroup;
			children = (
				9E81DD182B73983500C6A49C /* SpotifyAuth */,
				9E81DD172B73983500C6A49C /* Products */,
				6A339A93766DF7B3EE7CAE57 /* Pods */,
				2C647A74F48E5F121AF2C1A8 /* Frameworks */,
			);
			sourceTree = "<group>";
		};
		9E81DD172B73983500C6A49C /* Products */ = {
			isa = PBXGroup;
			children = (
				9E81DD162B73983500C6A49C /* SpotifyAuth.app */,
			);
			name = Products;
			sourceTree = "<group>";
		};
		9E81DD182B73983500C6A49C /* SpotifyAuth */ = {
			isa = PBXGroup;
			children = (
				9E81DD1D2B73983600C6A49C /* Assets.xcassets */,
				9E25C21F2B73A2B5003BE3AA /* GoogleService-Info.plist */,
				9E25C21E2B73A130003BE3AA /* Info.plist */,
				9E25C2222B73A331003BE3AA /* App */,
				9E25C2212B73A313003BE3AA /* Common */,
				9E98078B2B755EB900BA4747 /* Features */,
				9E81DD1F2B73983600C6A49C /* Preview Content */,
			);
			path = SpotifyAuth;
			sourceTree = "<group>";
		};
		9E81DD1F2B73983600C6A49C /* Preview Content */ = {
			isa = PBXGroup;
			children = (
				9E81DD202B73983600C6A49C /* Preview Assets.xcassets */,
			);
			path = "Preview Content";
			sourceTree = "<group>";
		};
		9E8B8DA92B7F745200A67B19 /* Views */ = {
			isa = PBXGroup;
			children = (
				9E8B8DAA2B7F745C00A67B19 /* Components */,
				9EF212522B7C077700D1A9C5 /* LibraryView.swift */,
				9E8B8DA72B7F743000A67B19 /* EditProfileView.swift */,
			);
			path = Views;
			sourceTree = "<group>";
		};
		9E8B8DAA2B7F745C00A67B19 /* Components */ = {
			isa = PBXGroup;
			children = (
				9E8B8DAB2B7F74A400A67B19 /* UserPhotoComponentView.swift */,
			);
			path = Components;
			sourceTree = "<group>";
		};
		9E8B8DAD2B7F75C000A67B19 /* Fields */ = {
			isa = PBXGroup;
			children = (
				9E9807972B7571A200BA4747 /* CustomTextField.swift */,
				9E1439032B76333D00F26E84 /* CustomPicker.swift */,
			);
			name = Fields;
			sourceTree = "<group>";
		};
		9E9807852B755D4C00BA4747 /* Components */ = {
			isa = PBXGroup;
			children = (
				9E8B8DAD2B7F75C000A67B19 /* Fields */,
				9E9807942B75694200BA4747 /* NavigationBar */,
				9E9807862B755DED00BA4747 /* Buttons */,
			);
			path = Components;
			sourceTree = "<group>";
		};
		9E9807862B755DED00BA4747 /* Buttons */ = {
			isa = PBXGroup;
			children = (
				9E9807872B755E1C00BA4747 /* PrimaryButtonStyle.swift */,
				9E9807892B755E5400BA4747 /* OutlineButtonStyle.swift */,
			);
			path = Buttons;
			sourceTree = "<group>";
		};
		9E98078B2B755EB900BA4747 /* Features */ = {
			isa = PBXGroup;
			children = (
				9EF212512B7C076A00D1A9C5 /* Library */,
				9E3039742B7A673F005BB2E3 /* Home */,
				9E98078C2B755EF900BA4747 /* Auth */,
			);
			path = Features;
			sourceTree = "<group>";
		};
		9E98078C2B755EF900BA4747 /* Auth */ = {
			isa = PBXGroup;
			children = (
				9E3039732B7A5A59005BB2E3 /* Views */,
				9E3039722B7A5A35005BB2E3 /* ViewModels */,
				9E30396F2B7A55C8005BB2E3 /* Models */,
			);
			path = Auth;
			sourceTree = "<group>";
		};
		9E9807942B75694200BA4747 /* NavigationBar */ = {
			isa = PBXGroup;
			children = (
				9E9807952B75696800BA4747 /* CustomNavBarAppearance.swift */,
			);
			path = NavigationBar;
			sourceTree = "<group>";
		};
		9EA66B3B2B836E8600F4940A /* Services */ = {
			isa = PBXGroup;
			children = (
				9EA66B3C2B836E9600F4940A /* Database */,
			);
			path = Services;
			sourceTree = "<group>";
		};
		9EA66B3C2B836E9600F4940A /* Database */ = {
			isa = PBXGroup;
			children = (
				9EA66B3D2B836EAD00F4940A /* IDatabase.swift */,
				9EA66B3F2B836F8E00F4940A /* DatabaseError.swift */,
				9EA66B412B836FAE00F4940A /* FirestoreDatabase.swift */,
			);
			path = Database;
			sourceTree = "<group>";
		};
		9EF212512B7C076A00D1A9C5 /* Library */ = {
			isa = PBXGroup;
			children = (
				9E8B8DA92B7F745200A67B19 /* Views */,
			);
			path = Library;
			sourceTree = "<group>";
		};
/* End PBXGroup section */

/* Begin PBXNativeTarget section */
		9E81DD152B73983500C6A49C /* SpotifyAuth */ = {
			isa = PBXNativeTarget;
			buildConfigurationList = 9E81DD242B73983600C6A49C /* Build configuration list for PBXNativeTarget "SpotifyAuth" */;
			buildPhases = (
				0E52FB930597DD60365C632B /* [CP] Check Pods Manifest.lock */,
				9E81DD122B73983500C6A49C /* Sources */,
				9E81DD132B73983500C6A49C /* Frameworks */,
				9E81DD142B73983500C6A49C /* Resources */,
				64FFBA8E1A8AC5E4BBE5B6B9 /* [CP] Embed Pods Frameworks */,
			);
			buildRules = (
			);
			dependencies = (
			);
			name = SpotifyAuth;
			productName = SpotifyAuth;
			productReference = 9E81DD162B73983500C6A49C /* SpotifyAuth.app */;
			productType = "com.apple.product-type.application";
		};
/* End PBXNativeTarget section */

/* Begin PBXProject section */
		9E81DD0E2B73983500C6A49C /* Project object */ = {
			isa = PBXProject;
			attributes = {
				BuildIndependentTargetsInParallel = 1;
				LastSwiftUpdateCheck = 1510;
				LastUpgradeCheck = 1510;
				TargetAttributes = {
					9E81DD152B73983500C6A49C = {
						CreatedOnToolsVersion = 15.1;
					};
				};
			};
			buildConfigurationList = 9E81DD112B73983500C6A49C /* Build configuration list for PBXProject "SpotifyAuth" */;
			compatibilityVersion = "Xcode 14.0";
			developmentRegion = en;
			hasScannedForEncodings = 0;
			knownRegions = (
				en,
				Base,
			);
			mainGroup = 9E81DD0D2B73983500C6A49C;
			productRefGroup = 9E81DD172B73983500C6A49C /* Products */;
			projectDirPath = "";
			projectRoot = "";
			targets = (
				9E81DD152B73983500C6A49C /* SpotifyAuth */,
			);
		};
/* End PBXProject section */

/* Begin PBXResourcesBuildPhase section */
		9E81DD142B73983500C6A49C /* Resources */ = {
			isa = PBXResourcesBuildPhase;
			buildActionMask = 2147483647;
			files = (
				9E5A45B62B739BA100232C46 /* Avenir-Demi.ttf in Resources */,
				9E5A45B72B739BA100232C46 /* Avenir-Bold.ttf in Resources */,
				9E81DD212B73983600C6A49C /* Preview Assets.xcassets in Resources */,
				9E81DD1E2B73983600C6A49C /* Assets.xcassets in Resources */,
				9E5A45B52B739BA100232C46 /* Avenir-Medium.ttf in Resources */,
				9E25C2202B73A2B5003BE3AA /* GoogleService-Info.plist in Resources */,
			);
			runOnlyForDeploymentPostprocessing = 0;
		};
/* End PBXResourcesBuildPhase section */

/* Begin PBXShellScriptBuildPhase section */
		0E52FB930597DD60365C632B /* [CP] Check Pods Manifest.lock */ = {
			isa = PBXShellScriptBuildPhase;
			buildActionMask = 2147483647;
			files = (
			);
			inputFileListPaths = (
			);
			inputPaths = (
				"${PODS_PODFILE_DIR_PATH}/Podfile.lock",
				"${PODS_ROOT}/Manifest.lock",
			);
			name = "[CP] Check Pods Manifest.lock";
			outputFileListPaths = (
			);
			outputPaths = (
				"$(DERIVED_FILE_DIR)/Pods-SpotifyAuth-checkManifestLockResult.txt",
			);
			runOnlyForDeploymentPostprocessing = 0;
			shellPath = /bin/sh;
			shellScript = "diff \"${PODS_PODFILE_DIR_PATH}/Podfile.lock\" \"${PODS_ROOT}/Manifest.lock\" > /dev/null\nif [ $? != 0 ] ; then\n    # print error to STDERR\n    echo \"error: The sandbox is not in sync with the Podfile.lock. Run 'pod install' or update your CocoaPods installation.\" >&2\n    exit 1\nfi\n# This output is used by Xcode 'outputs' to avoid re-running this script phase.\necho \"SUCCESS\" > \"${SCRIPT_OUTPUT_FILE_0}\"\n";
			showEnvVarsInLog = 0;
		};
		64FFBA8E1A8AC5E4BBE5B6B9 /* [CP] Embed Pods Frameworks */ = {
			isa = PBXShellScriptBuildPhase;
			buildActionMask = 2147483647;
			files = (
			);
			inputFileListPaths = (
				"${PODS_ROOT}/Target Support Files/Pods-SpotifyAuth/Pods-SpotifyAuth-frameworks-${CONFIGURATION}-input-files.xcfilelist",
			);
			name = "[CP] Embed Pods Frameworks";
			outputFileListPaths = (
				"${PODS_ROOT}/Target Support Files/Pods-SpotifyAuth/Pods-SpotifyAuth-frameworks-${CONFIGURATION}-output-files.xcfilelist",
			);
			runOnlyForDeploymentPostprocessing = 0;
			shellPath = /bin/sh;
			shellScript = "\"${PODS_ROOT}/Target Support Files/Pods-SpotifyAuth/Pods-SpotifyAuth-frameworks.sh\"\n";
			showEnvVarsInLog = 0;
		};
/* End PBXShellScriptBuildPhase section */

/* Begin PBXSourcesBuildPhase section */
		9E81DD122B73983500C6A49C /* Sources */ = {
			isa = PBXSourcesBuildPhase;
			buildActionMask = 2147483647;
			files = (
				9E9807932B755FCA00BA4747 /* SignupEmailView.swift in Sources */,
				9EA66B3E2B836EAD00F4940A /* IDatabase.swift in Sources */,
				9E98079A2B757ABB00BA4747 /* SignupPasswordView.swift in Sources */,
				9EA66B402B836F8E00F4940A /* DatabaseError.swift in Sources */,
				9E1439042B76333D00F26E84 /* CustomPicker.swift in Sources */,
				9E9807882B755E1C00BA4747 /* PrimaryButtonStyle.swift in Sources */,
				9EF212532B7C077700D1A9C5 /* LibraryView.swift in Sources */,
				9E3039712B7A55D3005BB2E3 /* User.swift in Sources */,
				9E8B8DAC2B7F74A400A67B19 /* UserPhotoComponentView.swift in Sources */,
				9EA66B422B836FAE00F4940A /* FirestoreDatabase.swift in Sources */,
				9E3039772B7A6751005BB2E3 /* HomeView.swift in Sources */,
				9E9807912B755F6900BA4747 /* AuthOptionsView.swift in Sources */,
				9E5A45B02B739B7300232C46 /* Font+.swift in Sources */,
				9E30396E2B7A54B8005BB2E3 /* AuthViewModel.swift in Sources */,
				9E9807962B75696800BA4747 /* CustomNavBarAppearance.swift in Sources */,
				9E81DD1C2B73983500C6A49C /* ContentView.swift in Sources */,
				9E1439062B7640F700F26E84 /* SignupNameView.swift in Sources */,
				9E8B8DA82B7F743000A67B19 /* EditProfileView.swift in Sources */,
				9E81DD1A2B73983500C6A49C /* SpotifyAuthApp.swift in Sources */,
				9E1439022B7631A900F26E84 /* SignupGenderView.swift in Sources */,
				9E98078A2B755E5400BA4747 /* OutlineButtonStyle.swift in Sources */,
				9E30396C2B7A505E005BB2E3 /* SigninView.swift in Sources */,
				9E9807982B7571A200BA4747 /* CustomTextField.swift in Sources */,
			);
			runOnlyForDeploymentPostprocessing = 0;
		};
/* End PBXSourcesBuildPhase section */

/* Begin XCBuildConfiguration section */
		9E81DD222B73983600C6A49C /* Debug */ = {
			isa = XCBuildConfiguration;
			buildSettings = {
				ALWAYS_SEARCH_USER_PATHS = NO;
				ASSETCATALOG_COMPILER_GENERATE_SWIFT_ASSET_SYMBOL_EXTENSIONS = YES;
				CLANG_ANALYZER_NONNULL = YES;
				CLANG_ANALYZER_NUMBER_OBJECT_CONVERSION = YES_AGGRESSIVE;
				CLANG_CXX_LANGUAGE_STANDARD = "gnu++20";
				CLANG_ENABLE_MODULES = YES;
				CLANG_ENABLE_OBJC_ARC = YES;
				CLANG_ENABLE_OBJC_WEAK = YES;
				CLANG_WARN_BLOCK_CAPTURE_AUTORELEASING = YES;
				CLANG_WARN_BOOL_CONVERSION = YES;
				CLANG_WARN_COMMA = YES;
				CLANG_WARN_CONSTANT_CONVERSION = YES;
				CLANG_WARN_DEPRECATED_OBJC_IMPLEMENTATIONS = YES;
				CLANG_WARN_DIRECT_OBJC_ISA_USAGE = YES_ERROR;
				CLANG_WARN_DOCUMENTATION_COMMENTS = YES;
				CLANG_WARN_EMPTY_BODY = YES;
				CLANG_WARN_ENUM_CONVERSION = YES;
				CLANG_WARN_INFINITE_RECURSION = YES;
				CLANG_WARN_INT_CONVERSION = YES;
				CLANG_WARN_NON_LITERAL_NULL_CONVERSION = YES;
				CLANG_WARN_OBJC_IMPLICIT_RETAIN_SELF = YES;
				CLANG_WARN_OBJC_LITERAL_CONVERSION = YES;
				CLANG_WARN_OBJC_ROOT_CLASS = YES_ERROR;
				CLANG_WARN_QUOTED_INCLUDE_IN_FRAMEWORK_HEADER = NO;
				CLANG_WARN_RANGE_LOOP_ANALYSIS = YES;
				CLANG_WARN_STRICT_PROTOTYPES = YES;
				CLANG_WARN_SUSPICIOUS_MOVE = YES;
				CLANG_WARN_UNGUARDED_AVAILABILITY = YES_AGGRESSIVE;
				CLANG_WARN_UNREACHABLE_CODE = YES;
				CLANG_WARN__DUPLICATE_METHOD_MATCH = YES;
				COPY_PHASE_STRIP = NO;
				DEBUG_INFORMATION_FORMAT = dwarf;
				ENABLE_STRICT_OBJC_MSGSEND = YES;
				ENABLE_TESTABILITY = YES;
				ENABLE_USER_SCRIPT_SANDBOXING = NO;
				GCC_C_LANGUAGE_STANDARD = gnu17;
				GCC_DYNAMIC_NO_PIC = NO;
				GCC_NO_COMMON_BLOCKS = YES;
				GCC_OPTIMIZATION_LEVEL = 0;
				GCC_PREPROCESSOR_DEFINITIONS = (
					"DEBUG=1",
					"$(inherited)",
				);
				GCC_WARN_64_TO_32_BIT_CONVERSION = YES;
				GCC_WARN_ABOUT_RETURN_TYPE = YES_ERROR;
				GCC_WARN_UNDECLARED_SELECTOR = YES;
				GCC_WARN_UNINITIALIZED_AUTOS = YES_AGGRESSIVE;
				GCC_WARN_UNUSED_FUNCTION = YES;
				GCC_WARN_UNUSED_VARIABLE = YES;
				IPHONEOS_DEPLOYMENT_TARGET = 17.2;
				LOCALIZATION_PREFERS_STRING_CATALOGS = YES;
				MTL_ENABLE_DEBUG_INFO = INCLUDE_SOURCE;
				MTL_FAST_MATH = YES;
				ONLY_ACTIVE_ARCH = YES;
				SDKROOT = iphoneos;
				SWIFT_ACTIVE_COMPILATION_CONDITIONS = "DEBUG $(inherited)";
				SWIFT_OPTIMIZATION_LEVEL = "-Onone";
			};
			name = Debug;
		};
		9E81DD232B73983600C6A49C /* Release */ = {
			isa = XCBuildConfiguration;
			buildSettings = {
				ALWAYS_SEARCH_USER_PATHS = NO;
				ASSETCATALOG_COMPILER_GENERATE_SWIFT_ASSET_SYMBOL_EXTENSIONS = YES;
				CLANG_ANALYZER_NONNULL = YES;
				CLANG_ANALYZER_NUMBER_OBJECT_CONVERSION = YES_AGGRESSIVE;
				CLANG_CXX_LANGUAGE_STANDARD = "gnu++20";
				CLANG_ENABLE_MODULES = YES;
				CLANG_ENABLE_OBJC_ARC = YES;
				CLANG_ENABLE_OBJC_WEAK = YES;
				CLANG_WARN_BLOCK_CAPTURE_AUTORELEASING = YES;
				CLANG_WARN_BOOL_CONVERSION = YES;
				CLANG_WARN_COMMA = YES;
				CLANG_WARN_CONSTANT_CONVERSION = YES;
				CLANG_WARN_DEPRECATED_OBJC_IMPLEMENTATIONS = YES;
				CLANG_WARN_DIRECT_OBJC_ISA_USAGE = YES_ERROR;
				CLANG_WARN_DOCUMENTATION_COMMENTS = YES;
				CLANG_WARN_EMPTY_BODY = YES;
				CLANG_WARN_ENUM_CONVERSION = YES;
				CLANG_WARN_INFINITE_RECURSION = YES;
				CLANG_WARN_INT_CONVERSION = YES;
				CLANG_WARN_NON_LITERAL_NULL_CONVERSION = YES;
				CLANG_WARN_OBJC_IMPLICIT_RETAIN_SELF = YES;
				CLANG_WARN_OBJC_LITERAL_CONVERSION = YES;
				CLANG_WARN_OBJC_ROOT_CLASS = YES_ERROR;
				CLANG_WARN_QUOTED_INCLUDE_IN_FRAMEWORK_HEADER = NO;
				CLANG_WARN_RANGE_LOOP_ANALYSIS = YES;
				CLANG_WARN_STRICT_PROTOTYPES = YES;
				CLANG_WARN_SUSPICIOUS_MOVE = YES;
				CLANG_WARN_UNGUARDED_AVAILABILITY = YES_AGGRESSIVE;
				CLANG_WARN_UNREACHABLE_CODE = YES;
				CLANG_WARN__DUPLICATE_METHOD_MATCH = YES;
				COPY_PHASE_STRIP = NO;
				DEBUG_INFORMATION_FORMAT = "dwarf-with-dsym";
				ENABLE_NS_ASSERTIONS = NO;
				ENABLE_STRICT_OBJC_MSGSEND = YES;
				ENABLE_USER_SCRIPT_SANDBOXING = NO;
				GCC_C_LANGUAGE_STANDARD = gnu17;
				GCC_NO_COMMON_BLOCKS = YES;
				GCC_WARN_64_TO_32_BIT_CONVERSION = YES;
				GCC_WARN_ABOUT_RETURN_TYPE = YES_ERROR;
				GCC_WARN_UNDECLARED_SELECTOR = YES;
				GCC_WARN_UNINITIALIZED_AUTOS = YES_AGGRESSIVE;
				GCC_WARN_UNUSED_FUNCTION = YES;
				GCC_WARN_UNUSED_VARIABLE = YES;
				IPHONEOS_DEPLOYMENT_TARGET = 17.2;
				LOCALIZATION_PREFERS_STRING_CATALOGS = YES;
				MTL_ENABLE_DEBUG_INFO = NO;
				MTL_FAST_MATH = YES;
				SDKROOT = iphoneos;
				SWIFT_COMPILATION_MODE = wholemodule;
				VALIDATE_PRODUCT = YES;
			};
			name = Release;
		};
		9E81DD252B73983600C6A49C /* Debug */ = {
			isa = XCBuildConfiguration;
			baseConfigurationReference = 1AC41597F130871A049A72A9 /* Pods-SpotifyAuth.debug.xcconfig */;
			buildSettings = {
				ASSETCATALOG_COMPILER_APPICON_NAME = AppIcon;
				ASSETCATALOG_COMPILER_GLOBAL_ACCENT_COLOR_NAME = AccentColor;
				CODE_SIGN_STYLE = Automatic;
				CURRENT_PROJECT_VERSION = 1;
				DEVELOPMENT_ASSET_PATHS = "\"SpotifyAuth/Preview Content\"";
				DEVELOPMENT_TEAM = FUQ4LQKC8Z;
				ENABLE_PREVIEWS = YES;
				GENERATE_INFOPLIST_FILE = YES;
				INFOPLIST_FILE = SpotifyAuth/Info.plist;
				INFOPLIST_KEY_UIApplicationSceneManifest_Generation = YES;
				INFOPLIST_KEY_UIApplicationSupportsIndirectInputEvents = YES;
				INFOPLIST_KEY_UISupportedInterfaceOrientations_iPad = "UIInterfaceOrientationPortrait UIInterfaceOrientationPortraitUpsideDown UIInterfaceOrientationLandscapeLeft UIInterfaceOrientationLandscapeRight";
				INFOPLIST_KEY_UISupportedInterfaceOrientations_iPhone = "UIInterfaceOrientationPortrait UIInterfaceOrientationLandscapeLeft UIInterfaceOrientationLandscapeRight";
				LD_RUNPATH_SEARCH_PATHS = (
					"$(inherited)",
					"@executable_path/Frameworks",
				);
				MARKETING_VERSION = 1.0;
				PRODUCT_BUNDLE_IDENTIFIER = Personal.SpotifyAuth;
				PRODUCT_NAME = "$(TARGET_NAME)";
				SWIFT_EMIT_LOC_STRINGS = YES;
				SWIFT_VERSION = 5.0;
				TARGETED_DEVICE_FAMILY = "1,2";
			};
			name = Debug;
		};
		9E81DD262B73983600C6A49C /* Release */ = {
			isa = XCBuildConfiguration;
			baseConfigurationReference = FBE6357CE8DE6C64CD9FE187 /* Pods-SpotifyAuth.release.xcconfig */;
			buildSettings = {
				ASSETCATALOG_COMPILER_APPICON_NAME = AppIcon;
				ASSETCATALOG_COMPILER_GLOBAL_ACCENT_COLOR_NAME = AccentColor;
				CODE_SIGN_STYLE = Automatic;
				CURRENT_PROJECT_VERSION = 1;
				DEVELOPMENT_ASSET_PATHS = "\"SpotifyAuth/Preview Content\"";
				DEVELOPMENT_TEAM = FUQ4LQKC8Z;
				ENABLE_PREVIEWS = YES;
				GENERATE_INFOPLIST_FILE = YES;
				INFOPLIST_FILE = SpotifyAuth/Info.plist;
				INFOPLIST_KEY_UIApplicationSceneManifest_Generation = YES;
				INFOPLIST_KEY_UIApplicationSupportsIndirectInputEvents = YES;
				INFOPLIST_KEY_UISupportedInterfaceOrientations_iPad = "UIInterfaceOrientationPortrait UIInterfaceOrientationPortraitUpsideDown UIInterfaceOrientationLandscapeLeft UIInterfaceOrientationLandscapeRight";
				INFOPLIST_KEY_UISupportedInterfaceOrientations_iPhone = "UIInterfaceOrientationPortrait UIInterfaceOrientationLandscapeLeft UIInterfaceOrientationLandscapeRight";
				LD_RUNPATH_SEARCH_PATHS = (
					"$(inherited)",
					"@executable_path/Frameworks",
				);
				MARKETING_VERSION = 1.0;
				PRODUCT_BUNDLE_IDENTIFIER = Personal.SpotifyAuth;
				PRODUCT_NAME = "$(TARGET_NAME)";
				SWIFT_EMIT_LOC_STRINGS = YES;
				SWIFT_VERSION = 5.0;
				TARGETED_DEVICE_FAMILY = "1,2";
			};
			name = Release;
		};
/* End XCBuildConfiguration section */

/* Begin XCConfigurationList section */
		9E81DD112B73983500C6A49C /* Build configuration list for PBXProject "SpotifyAuth" */ = {
			isa = XCConfigurationList;
			buildConfigurations = (
				9E81DD222B73983600C6A49C /* Debug */,
				9E81DD232B73983600C6A49C /* Release */,
			);
			defaultConfigurationIsVisible = 0;
			defaultConfigurationName = Release;
		};
		9E81DD242B73983600C6A49C /* Build configuration list for PBXNativeTarget "SpotifyAuth" */ = {
			isa = XCConfigurationList;
			buildConfigurations = (
				9E81DD252B73983600C6A49C /* Debug */,
				9E81DD262B73983600C6A49C /* Release */,
			);
			defaultConfigurationIsVisible = 0;
			defaultConfigurationName = Release;
		};
/* End XCConfigurationList section */
	};
	rootObject = 9E81DD0E2B73983500C6A49C /* Project object */;
}
